
Microsoft Visual Studio Solution File, Format Version 12.00
# Visual Studio Version 17
VisualStudioVersion = 17.12.35707.178
MinimumVisualStudioVersion = 10.0.40219.1
Project("{FAE04EC0-301F-11D3-BF4B-00C04F79EFBC}") = "EsriStatesApi", "Api\EsriStatesApi.csproj", "{4E24ED09-71B2-41D4-B6FD-692AB86790C4}"
EndProject
Project("{FAE04EC0-301F-11D3-BF4B-00C04F79EFBC}") = "DataAccess", "DataAccess\DataAccess.csproj", "{1797D1A2-D4BF-4BAC-B645-9DC151C1C7D2}"
EndProject
Project("{FAE04EC0-301F-11D3-BF4B-00C04F79EFBC}") = "RestClients", "RestClients\RestClients.csproj", "{B3164122-93B9-45B9-9D36-59F1AA74D58E}"
EndProject
Project("{FAE04EC0-301F-11D3-BF4B-00C04F79EFBC}") = "Services", "Services\Services.csproj", "{C977E487-5EFC-44E0-8B7F-A5A46C1F4A90}"
EndProject
Project("{FAE04EC0-301F-11D3-BF4B-00C04F79EFBC}") = "Tests", "Tests\Tests.csproj", "{78B768A0-1C56-441A-BD65-D99EE0CFF3F6}"
EndProject
Global
	GlobalSection(SolutionConfigurationPlatforms) = preSolution
		Debug|Any CPU = Debug|Any CPU
		Release|Any CPU = Release|Any CPU
	EndGlobalSection
	GlobalSection(ProjectConfigurationPlatforms) = postSolution
		{4E24ED09-71B2-41D4-B6FD-692AB86790C4}.Debug|Any CPU.ActiveCfg = Debug|Any CPU
		{4E24ED09-71B2-41D4-B6FD-692AB86790C4}.Debug|Any CPU.Build.0 = Debug|Any CPU
		{4E24ED09-71B2-41D4-B6FD-692AB86790C4}.Release|Any CPU.ActiveCfg = Release|Any CPU
		{4E24ED09-71B2-41D4-B6FD-692AB86790C4}.Release|Any CPU.Build.0 = Release|Any CPU
		{1797D1A2-D4BF-4BAC-B645-9DC151C1C7D2}.Debug|Any CPU.ActiveCfg = Debug|Any CPU
		{1797D1A2-D4BF-4BAC-B645-9DC151C1C7D2}.Debug|Any CPU.Build.0 = Debug|Any CPU
		{1797D1A2-D4BF-4BAC-B645-9DC151C1C7D2}.Release|Any CPU.ActiveCfg = Release|Any CPU
		{1797D1A2-D4BF-4BAC-B645-9DC151C1C7D2}.Release|Any CPU.Build.0 = Release|Any CPU
		{B3164122-93B9-45B9-9D36-59F1AA74D58E}.Debug|Any CPU.ActiveCfg = Debug|Any CPU
		{B3164122-93B9-45B9-9D36-59F1AA74D58E}.Debug|Any CPU.Build.0 = Debug|Any CPU
		{B3164122-93B9-45B9-9D36-59F1AA74D58E}.Release|Any CPU.ActiveCfg = Release|Any CPU
		{B3164122-93B9-45B9-9D36-59F1AA74D58E}.Release|Any CPU.Build.0 = Release|Any CPU
		{C977E487-5EFC-44E0-8B7F-A5A46C1F4A90}.Debug|Any CPU.ActiveCfg = Debug|Any CPU
		{C977E487-5EFC-44E0-8B7F-A5A46C1F4A90}.Debug|Any CPU.Build.0 = Debug|Any CPU
		{C977E487-5EFC-44E0-8B7F-A5A46C1F4A90}.Release|Any CPU.ActiveCfg = Release|Any CPU
		{C977E487-5EFC-44E0-8B7F-A5A46C1F4A90}.Release|Any CPU.Build.0 = Release|Any CPU
		{78B768A0-1C56-441A-BD65-D99EE0CFF3F6}.Debug|Any CPU.ActiveCfg = Debug|Any CPU
		{78B768A0-1C56-441A-BD65-D99EE0CFF3F6}.Debug|Any CPU.Build.0 = Debug|Any CPU
		{78B768A0-1C56-441A-BD65-D99EE0CFF3F6}.Release|Any CPU.ActiveCfg = Release|Any CPU
		{78B768A0-1C56-441A-BD65-D99EE0CFF3F6}.Release|Any CPU.Build.0 = Release|Any CPU
	EndGlobalSection
	GlobalSection(SolutionProperties) = preSolution
		HideSolutionNode = FALSE
	EndGlobalSection
EndGlobal
